
Microsoft Visual Studio Solution File, Format Version 12.00
# Visual Studio Version 16
VisualStudioVersion = 16.0.29424.173
MinimumVisualStudioVersion = 10.0.40219.1
Project("{FAE04EC0-301F-11D3-BF4B-00C04F79EFBC}") = "webforms-first-try", "webforms-first-try\webforms-first-try.csproj", "{6B534DEF-872E-4CEF-AE36-B51DC3D7F14F}"
EndProject
Global
	GlobalSection(SolutionConfigurationPlatforms) = preSolution
		Debug|Any CPU = Debug|Any CPU
		Release|Any CPU = Release|Any CPU
	EndGlobalSection
	GlobalSection(ProjectConfigurationPlatforms) = postSolution
		{6B534DEF-872E-4CEF-AE36-B51DC3D7F14F}.Debug|Any CPU.ActiveCfg = Debug|Any CPU
		{6B534DEF-872E-4CEF-AE36-B51DC3D7F14F}.Debug|Any CPU.Build.0 = Debug|Any CPU
		{6B534DEF-872E-4CEF-AE36-B51DC3D7F14F}.Release|Any CPU.ActiveCfg = Release|Any CPU
		{6B534DEF-872E-4CEF-AE36-B51DC3D7F14F}.Release|Any CPU.Build.0 = Release|Any CPU
	EndGlobalSection
	GlobalSection(SolutionProperties) = preSolution
		HideSolutionNode = FALSE
	EndGlobalSection
	GlobalSection(ExtensibilityGlobals) = postSolution
		SolutionGuid = {194BE5C9-FDCB-436E-BE67-7B1C54380DF5}
	EndGlobalSection
EndGlobal
